
Microsoft Visual Studio Solution File, Format Version 12.00
# Visual Studio Version 17
VisualStudioVersion = 17.6.33723.286
MinimumVisualStudioVersion = 10.0.40219.1
Project("{9A19103F-16F7-4668-BE54-9A1E7A4F7556}") = "MuseDash.Mod.Template", "MuseDash.Mod.Template.csproj", "{8518F30A-D8D5-4672-9C7E-44403F959E92}"
EndProject
Project("{FAE04EC0-301F-11D3-BF4B-00C04F79EFBC}") = "MuseDashModTemplate", "MuseDashModTemplate\MuseDashModTemplate.csproj", "{9230156D-52C0-4BD5-8535-1E41AF4BF78D}"
EndProject
Global
	GlobalSection(SolutionConfigurationPlatforms) = preSolution
		Debug|Any CPU = Debug|Any CPU
		Release|Any CPU = Release|Any CPU
	EndGlobalSection
	GlobalSection(ProjectConfigurationPlatforms) = postSolution
		{8518F30A-D8D5-4672-9C7E-44403F959E92}.Debug|Any CPU.ActiveCfg = Debug|Any CPU
		{8518F30A-D8D5-4672-9C7E-44403F959E92}.Debug|Any CPU.Build.0 = Debug|Any CPU
		{8518F30A-D8D5-4672-9C7E-44403F959E92}.Release|Any CPU.ActiveCfg = Release|Any CPU
		{8518F30A-D8D5-4672-9C7E-44403F959E92}.Release|Any CPU.Build.0 = Release|Any CPU
		{9230156D-52C0-4BD5-8535-1E41AF4BF78D}.Debug|Any CPU.ActiveCfg = Debug|Any CPU
		{9230156D-52C0-4BD5-8535-1E41AF4BF78D}.Debug|Any CPU.Build.0 = Debug|Any CPU
		{9230156D-52C0-4BD5-8535-1E41AF4BF78D}.Release|Any CPU.ActiveCfg = Release|Any CPU
		{9230156D-52C0-4BD5-8535-1E41AF4BF78D}.Release|Any CPU.Build.0 = Release|Any CPU
	EndGlobalSection
	GlobalSection(SolutionProperties) = preSolution
		HideSolutionNode = FALSE
	EndGlobalSection
	GlobalSection(ExtensibilityGlobals) = postSolution
		SolutionGuid = {4300C2A1-09D5-4BCF-BB7C-E004CF3EACF2}
	EndGlobalSection
EndGlobal
